
Microsoft Visual Studio Solution File, Format Version 12.00
# Visual Studio Version 17
VisualStudioVersion = 17.3.32901.215
MinimumVisualStudioVersion = 10.0.40219.1
Project("{FAE04EC0-301F-11D3-BF4B-00C04F79EFBC}") = "catdooog", "catdooog\catdooog.csproj", "{B84F82B5-7309-4127-9F13-DA52C5B1E6FB}"
EndProject
Global
	GlobalSection(SolutionConfigurationPlatforms) = preSolution
		Debug|Any CPU = Debug|Any CPU
		Release|Any CPU = Release|Any CPU
	EndGlobalSection
	GlobalSection(ProjectConfigurationPlatforms) = postSolution
		{B84F82B5-7309-4127-9F13-DA52C5B1E6FB}.Debug|Any CPU.ActiveCfg = Debug|Any CPU
		{B84F82B5-7309-4127-9F13-DA52C5B1E6FB}.Debug|Any CPU.Build.0 = Debug|Any CPU
		{B84F82B5-7309-4127-9F13-DA52C5B1E6FB}.Release|Any CPU.ActiveCfg = Release|Any CPU
		{B84F82B5-7309-4127-9F13-DA52C5B1E6FB}.Release|Any CPU.Build.0 = Release|Any CPU
	EndGlobalSection
	GlobalSection(SolutionProperties) = preSolution
		HideSolutionNode = FALSE
	EndGlobalSection
	GlobalSection(ExtensibilityGlobals) = postSolution
		SolutionGuid = {E82A0DA8-B288-48C3-BD4F-93A5FD34393E}
	EndGlobalSection
EndGlobal
